
Microsoft Visual Studio Solution File, Format Version 12.00
# Visual Studio Version 16
VisualStudioVersion = 16.0.30907.101
MinimumVisualStudioVersion = 10.0.40219.1
Project("{8BC9CEB8-8B4A-11D0-8D11-00A0C91BC942}") = "PRACTICA1", "PRACTICA1\PRACTICA1.vcxproj", "{89B350B3-4C54-4362-B594-A873DA0B44FD}"
EndProject
Project("{8BC9CEB8-8B4A-11D0-8D11-00A0C91BC942}") = "seminario2", "seminario2\seminario2.vcxproj", "{D67149C0-774E-443F-9B74-CA99F8C769F2}"
EndProject
Global
	GlobalSection(SolutionConfigurationPlatforms) = preSolution
		Debug|x64 = Debug|x64
		Debug|x86 = Debug|x86
		Release|x64 = Release|x64
		Release|x86 = Release|x86
	EndGlobalSection
	GlobalSection(ProjectConfigurationPlatforms) = postSolution
		{89B350B3-4C54-4362-B594-A873DA0B44FD}.Debug|x64.ActiveCfg = Debug|x64
		{89B350B3-4C54-4362-B594-A873DA0B44FD}.Debug|x64.Build.0 = Debug|x64
		{89B350B3-4C54-4362-B594-A873DA0B44FD}.Debug|x86.ActiveCfg = Debug|Win32
		{89B350B3-4C54-4362-B594-A873DA0B44FD}.Debug|x86.Build.0 = Debug|Win32
		{89B350B3-4C54-4362-B594-A873DA0B44FD}.Release|x64.ActiveCfg = Release|x64
		{89B350B3-4C54-4362-B594-A873DA0B44FD}.Release|x64.Build.0 = Release|x64
		{89B350B3-4C54-4362-B594-A873DA0B44FD}.Release|x86.ActiveCfg = Release|Win32
		{89B350B3-4C54-4362-B594-A873DA0B44FD}.Release|x86.Build.0 = Release|Win32
		{D67149C0-774E-443F-9B74-CA99F8C769F2}.Debug|x64.ActiveCfg = Debug|x64
		{D67149C0-774E-443F-9B74-CA99F8C769F2}.Debug|x64.Build.0 = Debug|x64
		{D67149C0-774E-443F-9B74-CA99F8C769F2}.Debug|x86.ActiveCfg = Debug|Win32
		{D67149C0-774E-443F-9B74-CA99F8C769F2}.Debug|x86.Build.0 = Debug|Win32
		{D67149C0-774E-443F-9B74-CA99F8C769F2}.Release|x64.ActiveCfg = Release|x64
		{D67149C0-774E-443F-9B74-CA99F8C769F2}.Release|x64.Build.0 = Release|x64
		{D67149C0-774E-443F-9B74-CA99F8C769F2}.Release|x86.ActiveCfg = Release|Win32
		{D67149C0-774E-443F-9B74-CA99F8C769F2}.Release|x86.Build.0 = Release|Win32
	EndGlobalSection
	GlobalSection(SolutionProperties) = preSolution
		HideSolutionNode = FALSE
	EndGlobalSection
	GlobalSection(ExtensibilityGlobals) = postSolution
		SolutionGuid = {0472D97B-FEBB-475A-BEFB-A5CE3952975D}
	EndGlobalSection
EndGlobal
